<?xml version="1.0" encoding="utf-8"?>
<Project ToolsVersion="17.0" xmlns="http://schemas.microsoft.com/developer/msbuild/2003">
  <ItemGroup>
    <ClCompile Include="C:\Users\Vlad\source\repos\bitfield\mp2-lab1-set\Light\Light.cpp">
      <Filter>Source Files</Filter>
    </ClCompile>
    <ClCompile Include="C:\Users\Vlad\source\repos\bitfield\mp2-lab1-set\Light\main.cpp">
      <Filter>Source Files</Filter>
    </ClCompile>
  </ItemGroup>
  <ItemGroup>
    <ClInclude Include="C:\Users\Vlad\source\repos\bitfield\mp2-lab1-set\Light\Light.h">
      <Filter>Header Files</Filter>
    </ClInclude>
  </ItemGroup>
  <ItemGroup>
    <CustomBuild Include="C:\Users\Vlad\source\repos\bitfield\mp2-lab1-set\Light\CMakeLists.txt" />
  </ItemGroup>
  <ItemGroup>
    <Filter Include="Header Files">
      <UniqueIdentifier>{139C0F49-6727-3A7E-B3CD-A9438731A2A8}</UniqueIdentifier>
    </Filter>
    <Filter Include="Source Files">
      <UniqueIdentifier>{0E953EF7-9817-3A10-B633-2B2DFAC1684B}</UniqueIdentifier>
    </Filter>
  </ItemGroup>
</Project>
